
Microsoft Visual Studio Solution File, Format Version 12.00
# Visual Studio Version 17
VisualStudioVersion = 17.11.35312.102
MinimumVisualStudioVersion = 10.0.40219.1
Project("{FAE04EC0-301F-11D3-BF4B-00C04F79EFBC}") = "AhmetHasanOğuzÖdev2Şube1", "AhmetHasanOğuzÖdev2Şube1.csproj", "{0C862EEC-C77F-4581-BB83-6B9814A1317C}"
EndProject
Global
	GlobalSection(SolutionConfigurationPlatforms) = preSolution
		Debug|Any CPU = Debug|Any CPU
		Release|Any CPU = Release|Any CPU
	EndGlobalSection
	GlobalSection(ProjectConfigurationPlatforms) = postSolution
		{0C862EEC-C77F-4581-BB83-6B9814A1317C}.Debug|Any CPU.ActiveCfg = Debug|Any CPU
		{0C862EEC-C77F-4581-BB83-6B9814A1317C}.Debug|Any CPU.Build.0 = Debug|Any CPU
		{0C862EEC-C77F-4581-BB83-6B9814A1317C}.Release|Any CPU.ActiveCfg = Release|Any CPU
		{0C862EEC-C77F-4581-BB83-6B9814A1317C}.Release|Any CPU.Build.0 = Release|Any CPU
	EndGlobalSection
	GlobalSection(SolutionProperties) = preSolution
		HideSolutionNode = FALSE
	EndGlobalSection
	GlobalSection(ExtensibilityGlobals) = postSolution
		SolutionGuid = {6E8CB9FF-7F1D-4749-9F79-EB7D8C1947CC}
	EndGlobalSection
EndGlobal
